
Microsoft Visual Studio Solution File, Format Version 12.00
# Visual Studio Version 17
VisualStudioVersion = 17.2.32630.192
MinimumVisualStudioVersion = 10.0.40219.1
Project("{FAE04EC0-301F-11D3-BF4B-00C04F79EFBC}") = "C.DataAccess", "C.DataAccess\C.DataAccess.csproj", "{D5D8B8E0-4BA8-4E28-AD3F-323C81AFC427}"
EndProject
Project("{FAE04EC0-301F-11D3-BF4B-00C04F79EFBC}") = "C.UI", "C.UI\C.UI.csproj", "{67CF6B34-924D-4906-897A-F135D2EB81F8}"
EndProject
Global
	GlobalSection(SolutionConfigurationPlatforms) = preSolution
		Debug|Any CPU = Debug|Any CPU
		Release|Any CPU = Release|Any CPU
	EndGlobalSection
	GlobalSection(ProjectConfigurationPlatforms) = postSolution
		{D5D8B8E0-4BA8-4E28-AD3F-323C81AFC427}.Debug|Any CPU.ActiveCfg = Debug|Any CPU
		{D5D8B8E0-4BA8-4E28-AD3F-323C81AFC427}.Debug|Any CPU.Build.0 = Debug|Any CPU
		{D5D8B8E0-4BA8-4E28-AD3F-323C81AFC427}.Release|Any CPU.ActiveCfg = Release|Any CPU
		{D5D8B8E0-4BA8-4E28-AD3F-323C81AFC427}.Release|Any CPU.Build.0 = Release|Any CPU
		{67CF6B34-924D-4906-897A-F135D2EB81F8}.Debug|Any CPU.ActiveCfg = Debug|Any CPU
		{67CF6B34-924D-4906-897A-F135D2EB81F8}.Debug|Any CPU.Build.0 = Debug|Any CPU
		{67CF6B34-924D-4906-897A-F135D2EB81F8}.Release|Any CPU.ActiveCfg = Release|Any CPU
		{67CF6B34-924D-4906-897A-F135D2EB81F8}.Release|Any CPU.Build.0 = Release|Any CPU
	EndGlobalSection
	GlobalSection(SolutionProperties) = preSolution
		HideSolutionNode = FALSE
	EndGlobalSection
	GlobalSection(ExtensibilityGlobals) = postSolution
		SolutionGuid = {82786908-E0BE-4BAA-B458-BB7147B88ADE}
	EndGlobalSection
EndGlobal
